# Generated by `fid docs --accept`. Do not edit by hand.
#
# Each entry is a prose block and a hash of the source it describes, as
# that source stood when someone last read the prose against it. When the
# source moves on without the prose, `fid docs --check` fails and names
# both. See crates/fiducial-cli/src/prose.rs for why the prose itself is
# not generated.

[accepted]
"AGENTS.md::.github/cla-exempt.txt" = "a99c1bb4f2f5e47fadf34621c5f7cdd34e91778f44c6a5a57588543b8705e0b7"
"AGENTS.md::crates/fiducial-cli/src/capability/manifest.rs#pub fn derive" = "45e7f32e9d38cdbc29befb496c08d2fdb038ed57cb4e5825a1ca16490fc6a50b"
"AGENTS.md::rust-toolchain.toml" = "55e68d5e0504383adf20de2c53ea374b14966b0e27eeb742236eed406d797edc"
"README.md::crates/fiducial-cli/src/adapter.rs#pub static CONTRACTS" = "d1c901180283f0937983e0af631c6b78613236462b4f44c24006f23d188606f4"
"README.md::crates/fiducial-cli/src/capability/manifest.rs#pub fn derive" = "45e7f32e9d38cdbc29befb496c08d2fdb038ed57cb4e5825a1ca16490fc6a50b"
"README.md::crates/fiducial-cli/src/commands/derive.rs#fn run_pipeline_command" = "8ced6bd253086503afbafe7c78982171e6e243eb26c5b5b1a1fc08e5c77108ac"
